{
  "R": {
    "Version": "4.5.1",
    "Repositories": [
      {
        "Name": "CRAN",
        "URL": "https://cran.rstudio.com"
      }
    ]
  },
  "Packages": {
    "R6": {
      "Package": "R6",
      "Version": "2.6.1",
      "Source": "CRAN",
      "Repository": "CRAN",
      "RemoteType": "standard",
      "RemotePkgRef": "R6",
      "RemoteRef": "R6",
      "RemoteRepos": "https://cloud.r-project.org",
      "RemoteReposName": "CRAN",
      "RemotePkgPlatform": "aarch64-apple-darwin20",
      "RemoteSha": "2.6.1",
      "Hash": "d4335fe7207f1c01ab8c41762f5840d4",
      "Requirements": []
    },
    "askpass": {
      "Package": "askpass",
      "Version": "1.2.1",
      "Source": "CRAN",
      "Repository": "CRAN",
      "RemoteType": "standard",
      "RemotePkgRef": "askpass",
      "RemoteRef": "askpass",
      "RemoteRepos": "https://cloud.r-project.org",
      "RemoteReposName": "CRAN",
      "RemotePkgPlatform": "aarch64-apple-darwin20",
      "RemoteSha": "1.2.1",
      "Hash": "c39f4155b3ceb1a9a2799d700fbd4b6a",
      "Requirements": [
        "sys"
      ]
    },
    "brio": {
      "Package": "brio",
      "Version": "1.1.5",
      "Source": "CRAN",
      "Repository": "CRAN",
      "RemoteType": "standard",
      "RemotePkgRef": "brio",
      "RemoteRef": "brio",
      "RemoteRepos": "https://cloud.r-project.org",
      "RemoteReposName": "CRAN",
      "RemotePkgPlatform": "aarch64-apple-darwin20",
      "RemoteSha": "1.1.5",
      "Hash": "c1ee497a6d999947c2c224ae46799b1a",
      "Requirements": []
    },
    "callr": {
      "Package": "callr",
      "Version": "3.7.6",
      "Source": "CRAN",
      "Repository": "CRAN",
      "RemoteType": "standard",
      "RemotePkgRef": "callr",
      "RemoteRef": "callr",
      "RemoteRepos": "https://cloud.r-project.org",
      "RemoteReposName": "CRAN",
      "RemotePkgPlatform": "aarch64-apple-darwin20",
      "RemoteSha": "3.7.6",
      "Hash": "d7e13f49c19103ece9e58ad2d83a7354",
      "Requirements": [
        "R6",
        "processx"
      ]
    },
    "cli": {
      "Package": "cli",
      "Version": "3.6.5",
      "Source": "CRAN",
      "Repository": "CRAN",
      "RemoteType": "standard",
      "RemotePkgRef": "cli",
      "RemoteRef": "cli",
      "RemoteRepos": "https://cloud.r-project.org",
      "RemoteReposName": "CRAN",
      "RemotePkgPlatform": "aarch64-apple-darwin20",
      "RemoteSha": "3.6.5",
      "Hash": "16850760556401a2eeb27d39bd11c9cb",
      "Requirements": []
    },
    "clipr": {
      "Package": "clipr",
      "Version": "0.8.0",
      "Source": "CRAN",
      "Repository": "CRAN",
      "RemoteType": "standard",
      "RemotePkgRef": "clipr",
      "RemoteRef": "clipr",
      "RemoteRepos": "https://cloud.r-project.org",
      "RemoteReposName": "CRAN",
      "RemotePkgPlatform": "aarch64-apple-darwin20",
      "RemoteSha": "0.8.0",
      "Hash": "3f038e5ac7f41d4ac41ce658c85e3042",
      "Requirements": []
    },
    "common": {
      "Package": "common",
      "Version": "1.1.3",
      "Source": "Repository",
      "Repository": "CRAN",
      "Hash": "d599e49b752b790842070992fdd992c4",
      "Requirements": []
    },
    "crayon": {
      "Package": "crayon",
      "Version": "1.5.3",
      "Source": "CRAN",
      "Repository": "CRAN",
      "RemoteType": "standard",
      "RemotePkgRef": "crayon",
      "RemoteRef": "crayon",
      "RemoteRepos": "https://cloud.r-project.org",
      "RemoteReposName": "CRAN",
      "RemotePkgPlatform": "aarch64-apple-darwin20",
      "RemoteSha": "1.5.3",
      "Hash": "859d96e65ef198fd43e82b9628d593ef",
      "Requirements": []
    },
    "credentials": {
      "Package": "credentials",
      "Version": "2.0.2",
      "Source": "CRAN",
      "Repository": "CRAN",
      "RemoteType": "standard",
      "RemotePkgRef": "credentials",
      "RemoteRef": "credentials",
      "RemoteRepos": "https://cloud.r-project.org",
      "RemoteReposName": "CRAN",
      "RemotePkgPlatform": "aarch64-apple-darwin20",
      "RemoteSha": "2.0.2",
      "Hash": "09fd631e607a236f8cc7f9604db32cb8",
      "Requirements": [
        "askpass",
        "curl",
        "jsonlite",
        "openssl",
        "sys"
      ]
    },
    "curl": {
      "Package": "curl",
      "Version": "7.0.0",
      "Source": "Repository",
      "Repository": "CRAN",
      "Hash": "aa27e963d3deccf4bade44d06b976977",
      "Requirements": []
    },
    "data.table": {
      "Package": "data.table",
      "Version": "1.17.8",
      "Source": "CRAN",
      "Repository": "CRAN",
      "RemoteType": "standard",
      "RemotePkgRef": "data.table",
      "RemoteRef": "data.table",
      "RemoteRepos": "https://cloud.r-project.org",
      "RemoteReposName": "CRAN",
      "RemotePkgPlatform": "aarch64-apple-darwin20",
      "RemoteSha": "1.17.8",
      "Hash": "1d991cd6160fa7b1fdbd3689034cbd15",
      "Requirements": []
    },
    "desc": {
      "Package": "desc",
      "Version": "1.4.3",
      "Source": "CRAN",
      "Repository": "CRAN",
      "RemoteType": "standard",
      "RemotePkgRef": "desc",
      "RemoteRef": "desc",
      "RemoteRepos": "https://cloud.r-project.org",
      "RemoteReposName": "CRAN",
      "RemotePkgPlatform": "aarch64-apple-darwin20",
      "RemoteSha": "1.4.3",
      "Hash": "99b79fcbd6c4d1ce087f5c5c758b384f",
      "Requirements": [
        "R6",
        "cli"
      ]
    },
    "diffobj": {
      "Package": "diffobj",
      "Version": "0.3.6",
      "Source": "CRAN",
      "Repository": "CRAN",
      "RemoteType": "standard",
      "RemotePkgRef": "diffobj",
      "RemoteRef": "diffobj",
      "RemoteRepos": "https://cloud.r-project.org",
      "RemoteReposName": "CRAN",
      "RemotePkgPlatform": "aarch64-apple-darwin20",
      "RemoteSha": "0.3.6",
      "Hash": "e036ce354ab60e705ac5f40bac87e8cb",
      "Requirements": [
        "crayon"
      ]
    },
    "digest": {
      "Package": "digest",
      "Version": "0.6.37",
      "Source": "CRAN",
      "Repository": "CRAN",
      "RemoteType": "standard",
      "RemotePkgRef": "digest",
      "RemoteRef": "digest",
      "RemoteRepos": "https://cloud.r-project.org",
      "RemoteReposName": "CRAN",
      "RemotePkgPlatform": "aarch64-apple-darwin20",
      "RemoteSha": "0.6.37",
      "Hash": "33698c4b3127fc9f506654607fb73676",
      "Requirements": []
    },
    "evaluate": {
      "Package": "evaluate",
      "Version": "1.0.5",
      "Source": "Repository",
      "Repository": "CRAN",
      "Hash": "94cf2c54237f6841cee68e3ba4ab5a14",
      "Requirements": []
    },
    "fs": {
      "Package": "fs",
      "Version": "1.6.6",
      "Source": "CRAN",
      "Repository": "CRAN",
      "RemoteType": "standard",
      "RemotePkgRef": "fs",
      "RemoteRef": "fs",
      "RemoteRepos": "https://cloud.r-project.org",
      "RemoteReposName": "CRAN",
      "RemotePkgPlatform": "aarch64-apple-darwin20",
      "RemoteSha": "1.6.6",
      "Hash": "7eb1e342eee7e0a7449c49cdaa526d39",
      "Requirements": []
    },
    "gert": {
      "Package": "gert",
      "Version": "2.1.5",
      "Source": "CRAN",
      "Repository": "CRAN",
      "RemoteType": "standard",
      "RemotePkgRef": "gert",
      "RemoteRef": "gert",
      "RemoteRepos": "https://cloud.r-project.org",
      "RemoteReposName": "CRAN",
      "RemotePkgPlatform": "aarch64-apple-darwin20",
      "RemoteSha": "2.1.5",
      "Hash": "b886f9838f82444c47a9962adc5ab8e8",
      "Requirements": [
        "askpass",
        "credentials",
        "openssl",
        "rstudioapi",
        "sys",
        "zip"
      ]
    },
    "gh": {
      "Package": "gh",
      "Version": "1.5.0",
      "Source": "CRAN",
      "Repository": "CRAN",
      "RemoteType": "standard",
      "RemotePkgRef": "gh",
      "RemoteRef": "gh",
      "RemoteRepos": "https://cloud.r-project.org",
      "RemoteReposName": "CRAN",
      "RemotePkgPlatform": "aarch64-apple-darwin20",
      "RemoteSha": "1.5.0",
      "Hash": "d92acb7afad09df6839e4e456e538d03",
      "Requirements": [
        "cli",
        "gitcreds",
        "glue",
        "httr2",
        "ini",
        "jsonlite",
        "lifecycle",
        "rlang"
      ]
    },
    "gitcreds": {
      "Package": "gitcreds",
      "Version": "0.1.2",
      "Source": "CRAN",
      "Repository": "CRAN",
      "RemoteType": "standard",
      "RemotePkgRef": "gitcreds",
      "RemoteRef": "gitcreds",
      "RemoteRepos": "https://cloud.r-project.org",
      "RemoteReposName": "CRAN",
      "RemotePkgPlatform": "aarch64-apple-darwin20",
      "RemoteSha": "0.1.2",
      "Hash": "ab08ac61f3e1be454ae21911eb8bc2fe",
      "Requirements": []
    },
    "glue": {
      "Package": "glue",
      "Version": "1.8.0",
      "Source": "CRAN",
      "Repository": "CRAN",
      "RemoteType": "standard",
      "RemotePkgRef": "glue",
      "RemoteRef": "glue",
      "RemoteRepos": "https://cloud.r-project.org",
      "RemoteReposName": "CRAN",
      "RemotePkgPlatform": "aarch64-apple-darwin20",
      "RemoteSha": "1.8.0",
      "Hash": "5899f1eaa825580172bb56c08266f37c",
      "Requirements": []
    },
    "httr": {
      "Package": "httr",
      "Version": "1.4.7",
      "Source": "CRAN",
      "Repository": "CRAN",
      "RemoteType": "standard",
      "RemotePkgRef": "httr",
      "RemoteRef": "httr",
      "RemoteRepos": "https://cloud.r-project.org",
      "RemoteReposName": "CRAN",
      "RemotePkgPlatform": "aarch64-apple-darwin20",
      "RemoteSha": "1.4.7",
      "Hash": "ac107251d9d9fd72f0ca8049988f1d7f",
      "Requirements": [
        "R6",
        "curl",
        "jsonlite",
        "mime",
        "openssl"
      ]
    },
    "httr2": {
      "Package": "httr2",
      "Version": "1.2.1",
      "Source": "CRAN",
      "Repository": "CRAN",
      "RemoteType": "standard",
      "RemotePkgRef": "httr2",
      "RemoteRef": "httr2",
      "RemoteRepos": "https://cloud.r-project.org",
      "RemoteReposName": "CRAN",
      "RemotePkgPlatform": "aarch64-apple-darwin20",
      "RemoteSha": "1.2.1",
      "Hash": "6e29f1ed132b927f7d52e9fd8869f0ea",
      "Requirements": [
        "R6",
        "cli",
        "curl",
        "glue",
        "lifecycle",
        "magrittr",
        "openssl",
        "rappdirs",
        "rlang",
        "vctrs",
        "withr"
      ]
    },
    "ini": {
      "Package": "ini",
      "Version": "0.3.1",
      "Source": "CRAN",
      "Repository": "CRAN",
      "RemoteType": "standard",
      "RemotePkgRef": "ini",
      "RemoteRef": "ini",
      "RemoteRepos": "https://cloud.r-project.org",
      "RemoteReposName": "CRAN",
      "RemotePkgPlatform": "aarch64-apple-darwin20",
      "RemoteSha": "0.3.1",
      "Hash": "6154ec2223172bce8162d4153cda21f7",
      "Requirements": []
    },
    "jsonlite": {
      "Package": "jsonlite",
      "Version": "2.0.0",
      "Source": "CRAN",
      "Repository": "CRAN",
      "RemoteType": "standard",
      "RemotePkgRef": "jsonlite",
      "RemoteRef": "jsonlite",
      "RemoteRepos": "https://cloud.r-project.org",
      "RemoteReposName": "CRAN",
      "RemotePkgPlatform": "aarch64-apple-darwin20",
      "RemoteSha": "2.0.0",
      "Hash": "b0776f526d36d8bd4a3344a88fe165c4",
      "Requirements": []
    },
    "lifecycle": {
      "Package": "lifecycle",
      "Version": "1.0.4",
      "Source": "CRAN",
      "Repository": "CRAN",
      "RemoteType": "standard",
      "RemotePkgRef": "lifecycle",
      "RemoteRef": "lifecycle",
      "RemoteRepos": "https://cloud.r-project.org",
      "RemoteReposName": "CRAN",
      "RemotePkgPlatform": "aarch64-apple-darwin20",
      "RemoteSha": "1.0.4",
      "Hash": "b8552d117e1b808b09a832f589b79035",
      "Requirements": [
        "cli",
        "glue",
        "rlang"
      ]
    },
    "logr": {
      "Package": "logr",
      "Version": "1.3.9",
      "Source": "Repository",
      "Repository": "CRAN",
      "Hash": "57aee065443d66e53413b34e357e69a4",
      "Requirements": [
        "common",
        "withr"
      ]
    },
    "magrittr": {
      "Package": "magrittr",
      "Version": "2.0.3",
      "Source": "CRAN",
      "Repository": "CRAN",
      "RemoteType": "standard",
      "RemotePkgRef": "magrittr",
      "RemoteRef": "magrittr",
      "RemoteRepos": "https://cloud.r-project.org",
      "RemoteReposName": "CRAN",
      "RemotePkgPlatform": "aarch64-apple-darwin20",
      "RemoteSha": "2.0.3",
      "Hash": "7ce2733a9826b3aeb1775d56fd305472",
      "Requirements": []
    },
    "mime": {
      "Package": "mime",
      "Version": "0.13",
      "Source": "CRAN",
      "Repository": "CRAN",
      "RemoteType": "standard",
      "RemotePkgRef": "mime",
      "RemoteRef": "mime",
      "RemoteRepos": "https://cloud.r-project.org",
      "RemoteReposName": "CRAN",
      "RemotePkgPlatform": "aarch64-apple-darwin20",
      "RemoteSha": "0.13",
      "Hash": "0ec19f34c72fab674d8f2b4b1c6410e1",
      "Requirements": []
    },
    "openssl": {
      "Package": "openssl",
      "Version": "2.3.3",
      "Source": "CRAN",
      "Repository": "CRAN",
      "RemoteType": "standard",
      "RemotePkgRef": "openssl",
      "RemoteRef": "openssl",
      "RemoteRepos": "https://cloud.r-project.org",
      "RemoteReposName": "CRAN",
      "RemotePkgPlatform": "aarch64-apple-darwin20",
      "RemoteSha": "2.3.3",
      "Hash": "05ce1ed077e8c97fbb3ec1cb078f1159",
      "Requirements": [
        "askpass"
      ]
    },
    "pkgbuild": {
      "Package": "pkgbuild",
      "Version": "1.4.8",
      "Source": "CRAN",
      "Repository": "CRAN",
      "RemoteType": "standard",
      "RemotePkgRef": "pkgbuild",
      "RemoteRef": "pkgbuild",
      "RemoteRepos": "https://cloud.r-project.org",
      "RemoteReposName": "CRAN",
      "RemotePkgPlatform": "aarch64-apple-darwin20",
      "RemoteSha": "1.4.8",
      "Hash": "fc9fc4162e79a94f760aac8d328ee6c9",
      "Requirements": [
        "R6",
        "callr",
        "cli",
        "desc",
        "processx"
      ]
    },
    "pkgload": {
      "Package": "pkgload",
      "Version": "1.4.0",
      "Source": "CRAN",
      "Repository": "CRAN",
      "RemoteType": "standard",
      "RemotePkgRef": "pkgload",
      "RemoteRef": "pkgload",
      "RemoteRepos": "https://cloud.r-project.org",
      "RemoteReposName": "CRAN",
      "RemotePkgPlatform": "aarch64-apple-darwin20",
      "RemoteSha": "1.4.0",
      "Hash": "2ec30ffbeec83da57655b850cf2d3e0e",
      "Requirements": [
        "cli",
        "desc",
        "fs",
        "glue",
        "lifecycle",
        "pkgbuild",
        "processx",
        "rlang",
        "rprojroot",
        "withr"
      ]
    },
    "praise": {
      "Package": "praise",
      "Version": "1.0.0",
      "Source": "CRAN",
      "Repository": "CRAN",
      "RemoteType": "standard",
      "RemotePkgRef": "praise",
      "RemoteRef": "praise",
      "RemoteRepos": "https://cloud.r-project.org",
      "RemoteReposName": "CRAN",
      "RemotePkgPlatform": "aarch64-apple-darwin20",
      "RemoteSha": "1.0.0",
      "Hash": "a555924add98c99d2f411e37e7d25e9f",
      "Requirements": []
    },
    "processx": {
      "Package": "processx",
      "Version": "3.8.6",
      "Source": "CRAN",
      "Repository": "CRAN",
      "RemoteType": "standard",
      "RemotePkgRef": "processx",
      "RemoteRef": "processx",
      "RemoteRepos": "https://cloud.r-project.org",
      "RemoteReposName": "CRAN",
      "RemotePkgPlatform": "aarch64-apple-darwin20",
      "RemoteSha": "3.8.6",
      "Hash": "720161b280b0a35f4d1490ead2fe81d0",
      "Requirements": [
        "R6",
        "ps"
      ]
    },
    "ps": {
      "Package": "ps",
      "Version": "1.9.1",
      "Source": "CRAN",
      "Repository": "CRAN",
      "RemoteType": "standard",
      "RemotePkgRef": "ps",
      "RemoteRef": "ps",
      "RemoteRepos": "https://cloud.r-project.org",
      "RemoteReposName": "CRAN",
      "RemotePkgPlatform": "aarch64-apple-darwin20",
      "RemoteSha": "1.9.1",
      "Hash": "093688087b0bacce6ba2f661f36328e2",
      "Requirements": []
    },
    "purrr": {
      "Package": "purrr",
      "Version": "1.1.0",
      "Source": "CRAN",
      "Repository": "CRAN",
      "RemoteType": "standard",
      "RemotePkgRef": "purrr",
      "RemoteRef": "purrr",
      "RemoteRepos": "https://cloud.r-project.org",
      "RemoteReposName": "CRAN",
      "RemotePkgPlatform": "aarch64-apple-darwin20",
      "RemoteSha": "1.1.0",
      "Hash": "9240cfb47489133f809918a0d3cc60cb",
      "Requirements": [
        "cli",
        "lifecycle",
        "magrittr",
        "rlang",
        "vctrs"
      ]
    },
    "rappdirs": {
      "Package": "rappdirs",
      "Version": "0.3.3",
      "Source": "CRAN",
      "Repository": "CRAN",
      "RemoteType": "standard",
      "RemotePkgRef": "rappdirs",
      "RemoteRef": "rappdirs",
      "RemoteRepos": "https://cloud.r-project.org",
      "RemoteReposName": "CRAN",
      "RemotePkgPlatform": "aarch64-apple-darwin20",
      "RemoteSha": "0.3.3",
      "Hash": "5e3c5dc0b071b21fa128676560dbe94d",
      "Requirements": []
    },
    "renv": {
      "Package": "renv",
      "Version": "0.15.1",
      "Source": "Repository",
      "Repository": "CRAN",
      "Hash": "c38694b67e7f7091f7d073b3766258cc",
      "Requirements": []
    },
    "rlang": {
      "Package": "rlang",
      "Version": "1.1.6",
      "Source": "CRAN",
      "Repository": "CRAN",
      "RemoteType": "standard",
      "RemotePkgRef": "rlang",
      "RemoteRef": "rlang",
      "RemoteRepos": "https://cloud.r-project.org",
      "RemoteReposName": "CRAN",
      "RemotePkgPlatform": "aarch64-apple-darwin20",
      "RemoteSha": "1.1.6",
      "Hash": "892124978869b74935dc3934c42bfe5a",
      "Requirements": []
    },
    "rprojroot": {
      "Package": "rprojroot",
      "Version": "2.1.1",
      "Source": "Repository",
      "Repository": "CRAN",
      "Hash": "b2453de2d29aa646afe4781defdc7903",
      "Requirements": []
    },
    "rstudioapi": {
      "Package": "rstudioapi",
      "Version": "0.17.1",
      "Source": "CRAN",
      "Repository": "CRAN",
      "RemoteType": "standard",
      "RemotePkgRef": "rstudioapi",
      "RemoteRef": "rstudioapi",
      "RemoteRepos": "https://cloud.r-project.org",
      "RemoteReposName": "CRAN",
      "RemotePkgPlatform": "aarch64-apple-darwin20",
      "RemoteSha": "0.17.1",
      "Hash": "5f90cd73946d706cfe26024294236113",
      "Requirements": []
    },
    "sys": {
      "Package": "sys",
      "Version": "3.4.3",
      "Source": "CRAN",
      "Repository": "CRAN",
      "RemoteType": "standard",
      "RemotePkgRef": "sys",
      "RemoteRef": "sys",
      "RemoteRepos": "https://cloud.r-project.org",
      "RemoteReposName": "CRAN",
      "RemotePkgPlatform": "aarch64-apple-darwin20",
      "RemoteSha": "3.4.3",
      "Hash": "de342ebfebdbf40477d0758d05426646",
      "Requirements": []
    },
    "testthat": {
      "Package": "testthat",
      "Version": "3.2.3",
      "Source": "CRAN",
      "Repository": "CRAN",
      "RemoteType": "standard",
      "RemotePkgRef": "testthat",
      "RemoteRef": "testthat",
      "RemoteRepos": "https://cloud.r-project.org",
      "RemoteReposName": "CRAN",
      "RemotePkgPlatform": "aarch64-apple-darwin20",
      "RemoteSha": "3.2.3",
      "Hash": "42f889439ccb14c55fc3d75c9c755056",
      "Requirements": [
        "R6",
        "brio",
        "callr",
        "cli",
        "desc",
        "digest",
        "evaluate",
        "jsonlite",
        "lifecycle",
        "magrittr",
        "pkgload",
        "praise",
        "processx",
        "ps",
        "rlang",
        "waldo",
        "withr"
      ]
    },
    "usethis": {
      "Package": "usethis",
      "Version": "3.2.0",
      "Source": "Repository",
      "Repository": "CRAN",
      "Hash": "a3d7fde491c51d673a8c7ea483a47805",
      "Requirements": [
        "cli",
        "clipr",
        "crayon",
        "curl",
        "desc",
        "fs",
        "gert",
        "gh",
        "glue",
        "jsonlite",
        "lifecycle",
        "purrr",
        "rappdirs",
        "rlang",
        "rprojroot",
        "rstudioapi",
        "whisker",
        "withr",
        "yaml"
      ]
    },
    "vctrs": {
      "Package": "vctrs",
      "Version": "0.6.5",
      "Source": "CRAN",
      "Repository": "CRAN",
      "RemoteType": "standard",
      "RemotePkgRef": "vctrs",
      "RemoteRef": "vctrs",
      "RemoteRepos": "https://cloud.r-project.org",
      "RemoteReposName": "CRAN",
      "RemotePkgPlatform": "aarch64-apple-darwin20",
      "RemoteSha": "0.6.5",
      "Hash": "c03fa420630029418f7e6da3667aac4a",
      "Requirements": [
        "cli",
        "glue",
        "lifecycle",
        "rlang"
      ]
    },
    "waldo": {
      "Package": "waldo",
      "Version": "0.6.2",
      "Source": "CRAN",
      "Repository": "CRAN",
      "RemoteType": "standard",
      "RemotePkgRef": "waldo",
      "RemoteRef": "waldo",
      "RemoteRepos": "https://cloud.r-project.org",
      "RemoteReposName": "CRAN",
      "RemotePkgPlatform": "aarch64-apple-darwin20",
      "RemoteSha": "0.6.2",
      "Hash": "b7b91294ee9418a54527a9a9d8677597",
      "Requirements": [
        "cli",
        "diffobj",
        "glue",
        "rlang"
      ]
    },
    "whisker": {
      "Package": "whisker",
      "Version": "0.4.1",
      "Source": "CRAN",
      "Repository": "CRAN",
      "RemoteType": "standard",
      "RemotePkgRef": "whisker",
      "RemoteRef": "whisker",
      "RemoteRepos": "https://cloud.r-project.org",
      "RemoteReposName": "CRAN",
      "RemotePkgPlatform": "aarch64-apple-darwin20",
      "RemoteSha": "0.4.1",
      "Hash": "c6abfa47a46d281a7d5159d0a8891e88",
      "Requirements": []
    },
    "withr": {
      "Package": "withr",
      "Version": "3.0.2",
      "Source": "CRAN",
      "Repository": "CRAN",
      "RemoteType": "standard",
      "RemotePkgRef": "withr",
      "RemoteRef": "withr",
      "RemoteRepos": "https://cloud.r-project.org",
      "RemoteReposName": "CRAN",
      "RemotePkgPlatform": "aarch64-apple-darwin20",
      "RemoteSha": "3.0.2",
      "Hash": "cc2d62c76458d425210d1eb1478b30b4",
      "Requirements": []
    },
    "yaml": {
      "Package": "yaml",
      "Version": "2.3.10",
      "Source": "CRAN",
      "Repository": "CRAN",
      "RemoteType": "standard",
      "RemotePkgRef": "yaml",
      "RemoteRef": "yaml",
      "RemoteRepos": "https://cloud.r-project.org",
      "RemoteReposName": "CRAN",
      "RemotePkgPlatform": "aarch64-apple-darwin20",
      "RemoteSha": "2.3.10",
      "Hash": "51dab85c6c98e50a18d7551e9d49f76c",
      "Requirements": []
    },
    "zip": {
      "Package": "zip",
      "Version": "2.3.3",
      "Source": "CRAN",
      "Repository": "CRAN",
      "RemoteType": "standard",
      "RemotePkgRef": "zip",
      "RemoteRef": "zip",
      "RemoteRepos": "https://cloud.r-project.org",
      "RemoteReposName": "CRAN",
      "RemotePkgPlatform": "aarch64-apple-darwin20",
      "RemoteSha": "2.3.3",
      "Hash": "6ebe4b1dc74c3e50e74e316323629583",
      "Requirements": []
    }
  }
}
